
Microsoft Visual Studio Solution File, Format Version 12.00
# Visual Studio 14
VisualStudioVersion = 14.0.25420.1
MinimumVisualStudioVersion = 10.0.40219.1
Project("{FAE04EC0-301F-11D3-BF4B-00C04F79EFBC}") = "PatronMixin", "PatronMixin\PatronMixin.csproj", "{98FEE7BC-4A4B-41B1-B4D5-B25167F92F00}"
EndProject
Project("{FAE04EC0-301F-11D3-BF4B-00C04F79EFBC}") = "PatronMixinTests", "PatronMixinTests\PatronMixinTests.csproj", "{3C1A251A-D63D-40E9-AC4B-AD9F8DD2C4A8}"
EndProject
Project("{FAE04EC0-301F-11D3-BF4B-00C04F79EFBC}") = "PatronMixinContexto", "PatronMixinContexto\PatronMixinContexto.csproj", "{D0F676BF-EFA9-4FE3-BDA7-075CB6AB8DFF}"
EndProject
Project("{FAE04EC0-301F-11D3-BF4B-00C04F79EFBC}") = "PatronMixinContextoTests", "PatronMixinContextoTests\PatronMixinContextoTests.csproj", "{D0176318-89CA-43C9-9263-BC8254F15E5C}"
EndProject
Global
	GlobalSection(SolutionConfigurationPlatforms) = preSolution
		Debug|Any CPU = Debug|Any CPU
		Release|Any CPU = Release|Any CPU
	EndGlobalSection
	GlobalSection(ProjectConfigurationPlatforms) = postSolution
		{98FEE7BC-4A4B-41B1-B4D5-B25167F92F00}.Debug|Any CPU.ActiveCfg = Debug|Any CPU
		{98FEE7BC-4A4B-41B1-B4D5-B25167F92F00}.Debug|Any CPU.Build.0 = Debug|Any CPU
		{98FEE7BC-4A4B-41B1-B4D5-B25167F92F00}.Release|Any CPU.ActiveCfg = Release|Any CPU
		{98FEE7BC-4A4B-41B1-B4D5-B25167F92F00}.Release|Any CPU.Build.0 = Release|Any CPU
		{3C1A251A-D63D-40E9-AC4B-AD9F8DD2C4A8}.Debug|Any CPU.ActiveCfg = Debug|Any CPU
		{3C1A251A-D63D-40E9-AC4B-AD9F8DD2C4A8}.Debug|Any CPU.Build.0 = Debug|Any CPU
		{3C1A251A-D63D-40E9-AC4B-AD9F8DD2C4A8}.Release|Any CPU.ActiveCfg = Release|Any CPU
		{3C1A251A-D63D-40E9-AC4B-AD9F8DD2C4A8}.Release|Any CPU.Build.0 = Release|Any CPU
		{D0F676BF-EFA9-4FE3-BDA7-075CB6AB8DFF}.Debug|Any CPU.ActiveCfg = Debug|Any CPU
		{D0F676BF-EFA9-4FE3-BDA7-075CB6AB8DFF}.Debug|Any CPU.Build.0 = Debug|Any CPU
		{D0F676BF-EFA9-4FE3-BDA7-075CB6AB8DFF}.Release|Any CPU.ActiveCfg = Release|Any CPU
		{D0F676BF-EFA9-4FE3-BDA7-075CB6AB8DFF}.Release|Any CPU.Build.0 = Release|Any CPU
		{D0176318-89CA-43C9-9263-BC8254F15E5C}.Debug|Any CPU.ActiveCfg = Debug|Any CPU
		{D0176318-89CA-43C9-9263-BC8254F15E5C}.Debug|Any CPU.Build.0 = Debug|Any CPU
		{D0176318-89CA-43C9-9263-BC8254F15E5C}.Release|Any CPU.ActiveCfg = Release|Any CPU
		{D0176318-89CA-43C9-9263-BC8254F15E5C}.Release|Any CPU.Build.0 = Release|Any CPU
	EndGlobalSection
	GlobalSection(SolutionProperties) = preSolution
		HideSolutionNode = FALSE
	EndGlobalSection
EndGlobal
