
Microsoft Visual Studio Solution File, Format Version 12.00
# Visual Studio 15
VisualStudioVersion = 15.0.27004.2010
MinimumVisualStudioVersion = 10.0.40219.1
Project("{FAE04EC0-301F-11D3-BF4B-00C04F79EFBC}") = "Practica5", "Practica5\Practica5.csproj", "{B68459CD-E551-4594-B087-E8C531C7983F}"
EndProject
Global
	GlobalSection(SolutionConfigurationPlatforms) = preSolution
		Debug|Any CPU = Debug|Any CPU
		Release|Any CPU = Release|Any CPU
	EndGlobalSection
	GlobalSection(ProjectConfigurationPlatforms) = postSolution
		{B68459CD-E551-4594-B087-E8C531C7983F}.Debug|Any CPU.ActiveCfg = Debug|Any CPU
		{B68459CD-E551-4594-B087-E8C531C7983F}.Debug|Any CPU.Build.0 = Debug|Any CPU
		{B68459CD-E551-4594-B087-E8C531C7983F}.Release|Any CPU.ActiveCfg = Release|Any CPU
		{B68459CD-E551-4594-B087-E8C531C7983F}.Release|Any CPU.Build.0 = Release|Any CPU
	EndGlobalSection
	GlobalSection(SolutionProperties) = preSolution
		HideSolutionNode = FALSE
	EndGlobalSection
	GlobalSection(ExtensibilityGlobals) = postSolution
		SolutionGuid = {5B1392E0-39E3-4084-850E-5AF634E5CF0D}
	EndGlobalSection
EndGlobal
